PODS:
  - AFNetworking (2.2.4):
    - AFNetworking/NSURLConnection
    - AFNetworking/NSURLSession
    - AFNetworking/Reachability
    - AFNetworking/Security
    - AFNetworking/Serialization
    - AFNetworking/UIKit
  - AFNetworking/NSURLConnection (2.2.4):
    - AFNetworking/Reachability
    - AFNetworking/Security
    - AFNetworking/Serialization
  - AFNetworking/NSURLSession (2.2.4):
    - AFNetworking/NSURLConnection
  - AFNetworking/Reachability (2.2.4)
  - AFNetworking/Security (2.2.4)
  - AFNetworking/Serialization (2.2.4)
  - AFNetworking/UIKit (2.2.4):
    - AFNetworking/NSURLConnection
    - AFNetworking/NSURLSession
  - Mantle (1.5):
    - Mantle/extobjc
  - Mantle/extobjc (1.5)
  - SallyCocoa (0.0.1):
    - AFNetworking (~> 2.0)
    - Mantle (~> 1.5)

DEPENDENCIES:
  - SallyCocoa (from `https://github.com/Tokenize/sally-cocoa.git`)

EXTERNAL SOURCES:
  SallyCocoa:
    :git: https://github.com/Tokenize/sally-cocoa.git

SPEC CHECKSUMS:
  AFNetworking: ab63e259fe91eef4519b371ef0a4955af0e73e64
  Mantle: c67a7e45e14196ed42b2a7cbb98ff6a9920e6b92
  SallyCocoa: 825c5adfbcafdaf750e8d905b7462404942ad9f8

COCOAPODS: 0.33.1
